
Microsoft Visual Studio Solution File, Format Version 12.00
# Visual Studio Version 16
VisualStudioVersion = 16.0.30907.101
MinimumVisualStudioVersion = 10.0.40219.1
Project("{FAE04EC0-301F-11D3-BF4B-00C04F79EFBC}") = "DevIO.AppMvc", "DevIO.AppMvc\DevIO.AppMvc.csproj", "{9640D1C4-E6A5-4337-91A9-B43C804EC94B}"
EndProject
Project("{FAE04EC0-301F-11D3-BF4B-00C04F79EFBC}") = "DevIO.Business", "DevIO.Business\DevIO.Business.csproj", "{0B2708D3-44EE-4BF2-92B9-4D4C6F02D53E}"
EndProject
Project("{FAE04EC0-301F-11D3-BF4B-00C04F79EFBC}") = "DevIO.Infra", "DevIO.Infra\DevIO.Infra.csproj", "{B2990D7A-8229-41CE-A3A8-F13153126EE4}"
EndProject
Global
	GlobalSection(SolutionConfigurationPlatforms) = preSolution
		Debug|Any CPU = Debug|Any CPU
		Release|Any CPU = Release|Any CPU
	EndGlobalSection
	GlobalSection(ProjectConfigurationPlatforms) = postSolution
		{9640D1C4-E6A5-4337-91A9-B43C804EC94B}.Debug|Any CPU.ActiveCfg = Debug|Any CPU
		{9640D1C4-E6A5-4337-91A9-B43C804EC94B}.Debug|Any CPU.Build.0 = Debug|Any CPU
		{9640D1C4-E6A5-4337-91A9-B43C804EC94B}.Release|Any CPU.ActiveCfg = Release|Any CPU
		{9640D1C4-E6A5-4337-91A9-B43C804EC94B}.Release|Any CPU.Build.0 = Release|Any CPU
		{0B2708D3-44EE-4BF2-92B9-4D4C6F02D53E}.Debug|Any CPU.ActiveCfg = Debug|Any CPU
		{0B2708D3-44EE-4BF2-92B9-4D4C6F02D53E}.Debug|Any CPU.Build.0 = Debug|Any CPU
		{0B2708D3-44EE-4BF2-92B9-4D4C6F02D53E}.Release|Any CPU.ActiveCfg = Release|Any CPU
		{0B2708D3-44EE-4BF2-92B9-4D4C6F02D53E}.Release|Any CPU.Build.0 = Release|Any CPU
		{B2990D7A-8229-41CE-A3A8-F13153126EE4}.Debug|Any CPU.ActiveCfg = Debug|Any CPU
		{B2990D7A-8229-41CE-A3A8-F13153126EE4}.Debug|Any CPU.Build.0 = Debug|Any CPU
		{B2990D7A-8229-41CE-A3A8-F13153126EE4}.Release|Any CPU.ActiveCfg = Release|Any CPU
		{B2990D7A-8229-41CE-A3A8-F13153126EE4}.Release|Any CPU.Build.0 = Release|Any CPU
	EndGlobalSection
	GlobalSection(SolutionProperties) = preSolution
		HideSolutionNode = FALSE
	EndGlobalSection
	GlobalSection(ExtensibilityGlobals) = postSolution
		SolutionGuid = {DF3C886E-30EE-43C4-8286-93C0B7D0FEA7}
	EndGlobalSection
EndGlobal
